
Microsoft Visual Studio Solution File, Format Version 12.00
# Visual Studio Version 16
VisualStudioVersion = 16.0.30907.101
MinimumVisualStudioVersion = 10.0.40219.1
Project("{FAE04EC0-301F-11D3-BF4B-00C04F79EFBC}") = "Problema4", "Problema4.csproj", "{EF8C7014-92E0-4385-925E-B1FAFFF0612C}"
EndProject
Global
	GlobalSection(SolutionConfigurationPlatforms) = preSolution
		Debug|Any CPU = Debug|Any CPU
		Release|Any CPU = Release|Any CPU
	EndGlobalSection
	GlobalSection(ProjectConfigurationPlatforms) = postSolution
		{EF8C7014-92E0-4385-925E-B1FAFFF0612C}.Debug|Any CPU.ActiveCfg = Debug|Any CPU
		{EF8C7014-92E0-4385-925E-B1FAFFF0612C}.Debug|Any CPU.Build.0 = Debug|Any CPU
		{EF8C7014-92E0-4385-925E-B1FAFFF0612C}.Release|Any CPU.ActiveCfg = Release|Any CPU
		{EF8C7014-92E0-4385-925E-B1FAFFF0612C}.Release|Any CPU.Build.0 = Release|Any CPU
	EndGlobalSection
	GlobalSection(SolutionProperties) = preSolution
		HideSolutionNode = FALSE
	EndGlobalSection
	GlobalSection(ExtensibilityGlobals) = postSolution
		SolutionGuid = {CB72E4B4-04EA-4DAA-904F-611955864D2B}
	EndGlobalSection
EndGlobal
